{
  "name": "my-loginlib",
  "version": "0.0.15",
  "lockfileVersion": 1,
  "requires": true,
  "dependencies": {
    "@angular/material": {
      "version": "9.2.4",
      "resolved": "https://registry.npmjs.org/@angular/material/-/material-9.2.4.tgz",
      "integrity": "sha512-LkoTXE6B0slvMhvfZDdPWaz4yaYLkaAp5VSPunI9pxGsPxzqEV9e210wC1/sjG/76Nk8Ep7/2z9XKac8Q9bMwA=="
    },
    "prettier": {
      "version": "2.2.1",
      "resolved": "https://registry.npmjs.org/prettier/-/prettier-2.2.1.tgz",
      "integrity": "sha512-PqyhM2yCjg/oKkFPtTGUojv7gnZAoG80ttl45O6x2Ug/rMJw4wcc9k6aaf2hibP7BGVCCM33gZoGjyvt9mm16Q==",
      "dev": true
    }
  }
}
